PODS:
  - 500px-iOS-api (1.0.5)
  - libextobjc (0.4.1):
    - libextobjc/EXTADT (= 0.4.1)
    - libextobjc/EXTConcreteProtocol (= 0.4.1)
    - libextobjc/EXTKeyPathCoding (= 0.4.1)
    - libextobjc/EXTNil (= 0.4.1)
    - libextobjc/EXTSafeCategory (= 0.4.1)
    - libextobjc/EXTScope (= 0.4.1)
    - libextobjc/EXTSelectorChecking (= 0.4.1)
    - libextobjc/EXTSynthesize (= 0.4.1)
    - libextobjc/NSInvocation+EXT (= 0.4.1)
    - libextobjc/NSMethodSignature+EXT (= 0.4.1)
    - libextobjc/RuntimeExtensions (= 0.4.1)
    - libextobjc/UmbrellaHeader (= 0.4.1)
  - libextobjc/EXTADT (0.4.1):
    - libextobjc/RuntimeExtensions
  - libextobjc/EXTConcreteProtocol (0.4.1):
    - libextobjc/RuntimeExtensions
  - libextobjc/EXTKeyPathCoding (0.4.1):
    - libextobjc/RuntimeExtensions
  - libextobjc/EXTNil (0.4.1):
    - libextobjc/RuntimeExtensions
  - libextobjc/EXTSafeCategory (0.4.1):
    - libextobjc/RuntimeExtensions
  - libextobjc/EXTScope (0.4.1):
    - libextobjc/RuntimeExtensions
  - libextobjc/EXTSelectorChecking (0.4.1):
    - libextobjc/RuntimeExtensions
  - libextobjc/EXTSynthesize (0.4.1):
    - libextobjc/RuntimeExtensions
  - libextobjc/NSInvocation+EXT (0.4.1):
    - libextobjc/RuntimeExtensions
  - libextobjc/NSMethodSignature+EXT (0.4.1):
    - libextobjc/RuntimeExtensions
  - libextobjc/RuntimeExtensions (0.4.1)
  - libextobjc/UmbrellaHeader (0.4.1)
  - ReactiveCocoa (4.2.2):
    - Result (~> 2.0)
  - Result (2.1.3)
  - Rex (0.11.0):
    - ReactiveCocoa (~> 4.2.1)
  - SDWebImage (3.8.1):
    - SDWebImage/Core (= 3.8.1)
  - SDWebImage/Core (3.8.1)
  - SVProgressHUD (1.0)
  - SwiftyBeaver (0.6.5)
  - YYModel (1.0.4)

DEPENDENCIES:
  - 500px-iOS-api
  - libextobjc
  - ReactiveCocoa
  - Rex (~> 0.11.0)
  - SDWebImage (~> 3.8.1)
  - SVProgressHUD (= 1.0)
  - SwiftyBeaver
  - YYModel

SPEC CHECKSUMS:
  500px-iOS-api: d9e46cb6300cef1a12964641374aa467d3cfb891
  libextobjc: a650fc1bf489a3d3a9bc2e621efa3e1006fc5471
  ReactiveCocoa: 9a450cf062d0b38bbbdc96f2a7b601a2a7de96f7
  Result: 18e1a7597fbcca5923c565b40a25a98afafdee02
  Rex: bf8044fc6d2938c5dc24c73d4c0689b68f6d107a
  SDWebImage: 35f9627a3e44b4f292a8a8ce6a531fa488239b91
  SVProgressHUD: 46088807596a795cbcb4affd92cf3f13b6ab3dda
  SwiftyBeaver: 1f7e6378e75bae631bb219fa0a351ce6f34a40da
  YYModel: 2a7fdd96aaa4b86a824e26d0c517de8928c04b30

PODFILE CHECKSUM: ef19a246086845f89bee702b9444b186f958c4d1

COCOAPODS: 1.0.1
