PODS:
  - 500px-iOS-api (1.0.5)
  - Action (2.0.0-beta.1):
    - RxCocoa
    - RxSwift
  - libextobjc (0.4.1):
    - libextobjc/EXTADT (= 0.4.1)
    - libextobjc/EXTConcreteProtocol (= 0.4.1)
    - libextobjc/EXTKeyPathCoding (= 0.4.1)
    - libextobjc/EXTNil (= 0.4.1)
    - libextobjc/EXTSafeCategory (= 0.4.1)
    - libextobjc/EXTScope (= 0.4.1)
    - libextobjc/EXTSelectorChecking (= 0.4.1)
    - libextobjc/EXTSynthesize (= 0.4.1)
    - libextobjc/NSInvocation+EXT (= 0.4.1)
    - libextobjc/NSMethodSignature+EXT (= 0.4.1)
    - libextobjc/RuntimeExtensions (= 0.4.1)
    - libextobjc/UmbrellaHeader (= 0.4.1)
  - libextobjc/EXTADT (0.4.1):
    - libextobjc/RuntimeExtensions
  - libextobjc/EXTConcreteProtocol (0.4.1):
    - libextobjc/RuntimeExtensions
  - libextobjc/EXTKeyPathCoding (0.4.1):
    - libextobjc/RuntimeExtensions
  - libextobjc/EXTNil (0.4.1):
    - libextobjc/RuntimeExtensions
  - libextobjc/EXTSafeCategory (0.4.1):
    - libextobjc/RuntimeExtensions
  - libextobjc/EXTScope (0.4.1):
    - libextobjc/RuntimeExtensions
  - libextobjc/EXTSelectorChecking (0.4.1):
    - libextobjc/RuntimeExtensions
  - libextobjc/EXTSynthesize (0.4.1):
    - libextobjc/RuntimeExtensions
  - libextobjc/NSInvocation+EXT (0.4.1):
    - libextobjc/RuntimeExtensions
  - libextobjc/NSMethodSignature+EXT (0.4.1):
    - libextobjc/RuntimeExtensions
  - libextobjc/RuntimeExtensions (0.4.1)
  - libextobjc/UmbrellaHeader (0.4.1)
  - RxCocoa (3.0.0-beta.1):
    - RxSwift (~> 3.0.0-beta.1)
  - RxSwift (3.0.0-beta.1)
  - SDWebImage (3.8.2):
    - SDWebImage/Core (= 3.8.2)
  - SDWebImage/Core (3.8.2)
  - SnapKit (3.0.1)
  - SVProgressHUD (1.0)
  - SwiftyBeaver (1.0.3)
  - YYModel (1.0.4)

DEPENDENCIES:
  - 500px-iOS-api
  - Action (~> 2.0.0-beta.1)
  - libextobjc
  - RxCocoa (~> 3.0.0-beta.1)
  - RxSwift (~> 3.0.0-beta.1)
  - SDWebImage (~> 3.8.1)
  - SnapKit (~> 3.0)
  - SVProgressHUD (= 1.0)
  - SwiftyBeaver
  - YYModel

SPEC CHECKSUMS:
  500px-iOS-api: d9e46cb6300cef1a12964641374aa467d3cfb891
  Action: 13a8e52481834751caf428bcf6c527e3db2aefc7
  libextobjc: a650fc1bf489a3d3a9bc2e621efa3e1006fc5471
  RxCocoa: 8cecf331302b8ae5381bbab1bccba4ede2eae6a8
  RxSwift: 0823e8d7969c23bfa9ddfb2afa4881e424a1a710
  SDWebImage: 098e97e6176540799c27e804c96653ee0833d13c
  SnapKit: f818b8326d45b4e1c777d0ab27b5c0a3624bfdeb
  SVProgressHUD: 46088807596a795cbcb4affd92cf3f13b6ab3dda
  SwiftyBeaver: e42a664ffbdb5ec68ce968ffd3c54f619c92e0d7
  YYModel: 2a7fdd96aaa4b86a824e26d0c517de8928c04b30

PODFILE CHECKSUM: a20c1f3b78695fe8951968462bb716f8f6dba74e

COCOAPODS: 1.1.0.beta.2
